// !$*UTF8*$!
{
	archiveVersion = 1;
	classes = {
	};
	objectVersion = 46;
	objects = {

/* Begin PBXBuildFile section */
		152F10151A8749DB003F4AA6 /* FriendsViewController.m in Sources */ = {isa = PBXBuildFile; fileRef = 152F0FF31A8749DB003F4AA6 /* FriendsViewController.m */; };
		152F10161A8749DB003F4AA6 /* HomeViewController.m in Sources */ = {isa = PBXBuildFile; fileRef = 152F0FF51A8749DB003F4AA6 /* HomeViewController.m */; };
		152F10171A8749DB003F4AA6 /* LeftMenuViewController.m in Sources */ = {isa = PBXBuildFile; fileRef = 152F0FF71A8749DB003F4AA6 /* LeftMenuViewController.m */; };
		152F10181A8749DB003F4AA6 /* ProfileDetailViewController.m in Sources */ = {isa = PBXBuildFile; fileRef = 152F0FF91A8749DB003F4AA6 /* ProfileDetailViewController.m */; };
		152F10191A8749DB003F4AA6 /* ProfileViewController.m in Sources */ = {isa = PBXBuildFile; fileRef = 152F0FFB1A8749DB003F4AA6 /* ProfileViewController.m */; };
		152F101A1A8749DB003F4AA6 /* RightMenuViewController.m in Sources */ = {isa = PBXBuildFile; fileRef = 152F0FFD1A8749DB003F4AA6 /* RightMenuViewController.m */; };
		152F101B1A8749DB003F4AA6 /* animation.png in Resources */ = {isa = PBXBuildFile; fileRef = 152F0FFF1A8749DB003F4AA6 /* animation.png */; };
		152F101C1A8749DB003F4AA6 /* gear.png in Resources */ = {isa = PBXBuildFile; fileRef = 152F10001A8749DB003F4AA6 /* gear.png */; };
		152F101D1A8749DB003F4AA6 /* leftMenu.jpg in Resources */ = {isa = PBXBuildFile; fileRef = 152F10011A8749DB003F4AA6 /* leftMenu.jpg */; };
		152F101E1A8749DB003F4AA6 /* rightMenu.jpg in Resources */ = {isa = PBXBuildFile; fileRef = 152F10021A8749DB003F4AA6 /* rightMenu.jpg */; };
		152F101F1A8749DB003F4AA6 /* SlideNavigationContorllerAnimatorFade.m in Sources */ = {isa = PBXBuildFile; fileRef = 152F10071A8749DB003F4AA6 /* SlideNavigationContorllerAnimatorFade.m */; };
		152F10201A8749DB003F4AA6 /* SlideNavigationContorllerAnimatorScale.m in Sources */ = {isa = PBXBuildFile; fileRef = 152F10091A8749DB003F4AA6 /* SlideNavigationContorllerAnimatorScale.m */; };
		152F10211A8749DB003F4AA6 /* SlideNavigationContorllerAnimatorScaleAndFade.m in Sources */ = {isa = PBXBuildFile; fileRef = 152F100B1A8749DB003F4AA6 /* SlideNavigationContorllerAnimatorScaleAndFade.m */; };
		152F10221A8749DB003F4AA6 /* SlideNavigationContorllerAnimatorSlide.m in Sources */ = {isa = PBXBuildFile; fileRef = 152F100D1A8749DB003F4AA6 /* SlideNavigationContorllerAnimatorSlide.m */; };
		152F10231A8749DB003F4AA6 /* SlideNavigationContorllerAnimatorSlideAndFade.m in Sources */ = {isa = PBXBuildFile; fileRef = 152F100F1A8749DB003F4AA6 /* SlideNavigationContorllerAnimatorSlideAndFade.m */; };
		152F10241A8749DB003F4AA6 /* menu-button.png in Resources */ = {isa = PBXBuildFile; fileRef = 152F10111A8749DB003F4AA6 /* menu-button.png */; };
		152F10251A8749DB003F4AA6 /* menu-button@2x.png in Resources */ = {isa = PBXBuildFile; fileRef = 152F10121A8749DB003F4AA6 /* menu-button@2x.png */; };
		152F10261A8749DB003F4AA6 /* SlideNavigationController.m in Sources */ = {isa = PBXBuildFile; fileRef = 152F10141A8749DB003F4AA6 /* SlideNavigationController.m */; };
		155E030E1A8299B300B5E5DE /* main.m in Sources */ = {isa = PBXBuildFile; fileRef = 155E030D1A8299B300B5E5DE /* main.m */; };
		155E03111A8299B300B5E5DE /* AppDelegate.m in Sources */ = {isa = PBXBuildFile; fileRef = 155E03101A8299B300B5E5DE /* AppDelegate.m */; };
		155E03141A8299B400B5E5DE /* CricketXI.xcdatamodeld in Sources */ = {isa = PBXBuildFile; fileRef = 155E03121A8299B400B5E5DE /* CricketXI.xcdatamodeld */; };
		155E03171A8299B400B5E5DE /* ViewController.m in Sources */ = {isa = PBXBuildFile; fileRef = 155E03161A8299B400B5E5DE /* ViewController.m */; };
		155E031A1A8299B400B5E5DE /* Main.storyboard in Resources */ = {isa = PBXBuildFile; fileRef = 155E03181A8299B400B5E5DE /* Main.storyboard */; };
		155E031C1A8299B400B5E5DE /* Images.xcassets in Resources */ = {isa = PBXBuildFile; fileRef = 155E031B1A8299B400B5E5DE /* Images.xcassets */; };
		155E031F1A8299B400B5E5DE /* LaunchScreen.xib in Resources */ = {isa = PBXBuildFile; fileRef = 155E031D1A8299B400B5E5DE /* LaunchScreen.xib */; };
		155E032B1A8299B400B5E5DE /* CricketXITests.m in Sources */ = {isa = PBXBuildFile; fileRef = 155E032A1A8299B400B5E5DE /* CricketXITests.m */; };
/* End PBXBuildFile section */

/* Begin PBXContainerItemProxy section */
		155E03251A8299B400B5E5DE /* PBXContainerItemProxy */ = {
			isa = PBXContainerItemProxy;
			containerPortal = 155E03001A8299B300B5E5DE /* Project object */;
			proxyType = 1;
			remoteGlobalIDString = 155E03071A8299B300B5E5DE;
			remoteInfo = CricketXI;
		};
/* End PBXContainerItemProxy section */

/* Begin PBXFileReference section */
		152F0FF21A8749DB003F4AA6 /* FriendsViewController.h */ = {isa = PBXFileReference; fileEncoding = 4; lastKnownFileType = sourcecode.c.h; path = FriendsViewController.h; sourceTree = "<group>"; };
		152F0FF31A8749DB003F4AA6 /* FriendsViewController.m */ = {isa = PBXFileReference; fileEncoding = 4; lastKnownFileType = sourcecode.c.objc; path = FriendsViewController.m; sourceTree = "<group>"; };
		152F0FF41A8749DB003F4AA6 /* HomeViewController.h */ = {isa = PBXFileReference; fileEncoding = 4; lastKnownFileType = sourcecode.c.h; path = HomeViewController.h; sourceTree = "<group>"; };
		152F0FF51A8749DB003F4AA6 /* HomeViewController.m */ = {isa = PBXFileReference; fileEncoding = 4; lastKnownFileType = sourcecode.c.objc; path = HomeViewController.m; sourceTree = "<group>"; };
		152F0FF61A8749DB003F4AA6 /* LeftMenuViewController.h */ = {isa = PBXFileReference; fileEncoding = 4; lastKnownFileType = sourcecode.c.h; path = LeftMenuViewController.h; sourceTree = "<group>"; };
		152F0FF71A8749DB003F4AA6 /* LeftMenuViewController.m */ = {isa = PBXFileReference; fileEncoding = 4; lastKnownFileType = sourcecode.c.objc; path = LeftMenuViewController.m; sourceTree = "<group>"; };
		152F0FF81A8749DB003F4AA6 /* ProfileDetailViewController.h */ = {isa = PBXFileReference; fileEncoding = 4; lastKnownFileType = sourcecode.c.h; path = ProfileDetailViewController.h; sourceTree = "<group>"; };
		152F0FF91A8749DB003F4AA6 /* ProfileDetailViewController.m */ = {isa = PBXFileReference; fileEncoding = 4; lastKnownFileType = sourcecode.c.objc; path = ProfileDetailViewController.m; sourceTree = "<group>"; };
		152F0FFA1A8749DB003F4AA6 /* ProfileViewController.h */ = {isa = PBXFileReference; fileEncoding = 4; lastKnownFileType = sourcecode.c.h; path = ProfileViewController.h; sourceTree = "<group>"; };
		152F0FFB1A8749DB003F4AA6 /* ProfileViewController.m */ = {isa = PBXFileReference; fileEncoding = 4; lastKnownFileType = sourcecode.c.objc; path = ProfileViewController.m; sourceTree = "<group>"; };
		152F0FFC1A8749DB003F4AA6 /* RightMenuViewController.h */ = {isa = PBXFileReference; fileEncoding = 4; lastKnownFileType = sourcecode.c.h; path = RightMenuViewController.h; sourceTree = "<group>"; };
		152F0FFD1A8749DB003F4AA6 /* RightMenuViewController.m */ = {isa = PBXFileReference; fileEncoding = 4; lastKnownFileType = sourcecode.c.objc; path = RightMenuViewController.m; sourceTree = "<group>"; };
		152F0FFF1A8749DB003F4AA6 /* animation.png */ = {isa = PBXFileReference; lastKnownFileType = image.png; path = animation.png; sourceTree = "<group>"; };
		152F10001A8749DB003F4AA6 /* gear.png */ = {isa = PBXFileReference; lastKnownFileType = image.png; path = gear.png; sourceTree = "<group>"; };
		152F10011A8749DB003F4AA6 /* leftMenu.jpg */ = {isa = PBXFileReference; lastKnownFileType = image.jpeg; path = leftMenu.jpg; sourceTree = "<group>"; };
		152F10021A8749DB003F4AA6 /* rightMenu.jpg */ = {isa = PBXFileReference; lastKnownFileType = image.jpeg; path = rightMenu.jpg; sourceTree = "<group>"; };
		152F10051A8749DB003F4AA6 /* SlideNavigationContorllerAnimator.h */ = {isa = PBXFileReference; fileEncoding = 4; lastKnownFileType = sourcecode.c.h; path = SlideNavigationContorllerAnimator.h; sourceTree = "<group>"; };
		152F10061A8749DB003F4AA6 /* SlideNavigationContorllerAnimatorFade.h */ = {isa = PBXFileReference; fileEncoding = 4; lastKnownFileType = sourcecode.c.h; path = SlideNavigationContorllerAnimatorFade.h; sourceTree = "<group>"; };
		152F10071A8749DB003F4AA6 /* SlideNavigationContorllerAnimatorFade.m */ = {isa = PBXFileReference; fileEncoding = 4; lastKnownFileType = sourcecode.c.objc; path = SlideNavigationContorllerAnimatorFade.m; sourceTree = "<group>"; };
		152F10081A8749DB003F4AA6 /* SlideNavigationContorllerAnimatorScale.h */ = {isa = PBXFileReference; fileEncoding = 4; lastKnownFileType = sourcecode.c.h; path = SlideNavigationContorllerAnimatorScale.h; sourceTree = "<group>"; };
		152F10091A8749DB003F4AA6 /* SlideNavigationContorllerAnimatorScale.m */ = {isa = PBXFileReference; fileEncoding = 4; lastKnownFileType = sourcecode.c.objc; path = SlideNavigationContorllerAnimatorScale.m; sourceTree = "<group>"; };
		152F100A1A8749DB003F4AA6 /* SlideNavigationContorllerAnimatorScaleAndFade.h */ = {isa = PBXFileReference; fileEncoding = 4; lastKnownFileType = sourcecode.c.h; path = SlideNavigationContorllerAnimatorScaleAndFade.h; sourceTree = "<group>"; };
		152F100B1A8749DB003F4AA6 /* SlideNavigationContorllerAnimatorScaleAndFade.m */ = {isa = PBXFileReference; fileEncoding = 4; lastKnownFileType = sourcecode.c.objc; path = SlideNavigationContorllerAnimatorScaleAndFade.m; sourceTree = "<group>"; };
		152F100C1A8749DB003F4AA6 /* SlideNavigationContorllerAnimatorSlide.h */ = {isa = PBXFileReference; fileEncoding = 4; lastKnownFileType = sourcecode.c.h; path = SlideNavigationContorllerAnimatorSlide.h; sourceTree = "<group>"; };
		152F100D1A8749DB003F4AA6 /* SlideNavigationContorllerAnimatorSlide.m */ = {isa = PBXFileReference; fileEncoding = 4; lastKnownFileType = sourcecode.c.objc; path = SlideNavigationContorllerAnimatorSlide.m; sourceTree = "<group>"; };
		152F100E1A8749DB003F4AA6 /* SlideNavigationContorllerAnimatorSlideAndFade.h */ = {isa = PBXFileReference; fileEncoding = 4; lastKnownFileType = sourcecode.c.h; path = SlideNavigationContorllerAnimatorSlideAndFade.h; sourceTree = "<group>"; };
		152F100F1A8749DB003F4AA6 /* SlideNavigationContorllerAnimatorSlideAndFade.m */ = {isa = PBXFileReference; fileEncoding = 4; lastKnownFileType = sourcecode.c.objc; path = SlideNavigationContorllerAnimatorSlideAndFade.m; sourceTree = "<group>"; };
		152F10111A8749DB003F4AA6 /* menu-button.png */ = {isa = PBXFileReference; lastKnownFileType = image.png; path = "menu-button.png"; sourceTree = "<group>"; };
		152F10121A8749DB003F4AA6 /* menu-button@2x.png */ = {isa = PBXFileReference; lastKnownFileType = image.png; path = "menu-button@2x.png"; sourceTree = "<group>"; };
		152F10131A8749DB003F4AA6 /* SlideNavigationController.h */ = {isa = PBXFileReference; fileEncoding = 4; lastKnownFileType = sourcecode.c.h; path = SlideNavigationController.h; sourceTree = "<group>"; };
		152F10141A8749DB003F4AA6 /* SlideNavigationController.m */ = {isa = PBXFileReference; fileEncoding = 4; lastKnownFileType = sourcecode.c.objc; path = SlideNavigationController.m; sourceTree = "<group>"; };
		155E03081A8299B300B5E5DE /* CricketXI.app */ = {isa = PBXFileReference; explicitFileType = wrapper.application; includeInIndex = 0; path = CricketXI.app; sourceTree = BUILT_PRODUCTS_DIR; };
		155E030C1A8299B300B5E5DE /* Info.plist */ = {isa = PBXFileReference; lastKnownFileType = text.plist.xml; path = Info.plist; sourceTree = "<group>"; };
		155E030D1A8299B300B5E5DE /* main.m */ = {isa = PBXFileReference; lastKnownFileType = sourcecode.c.objc; path = main.m; sourceTree = "<group>"; };
		155E030F1A8299B300B5E5DE /* AppDelegate.h */ = {isa = PBXFileReference; lastKnownFileType = sourcecode.c.h; path = AppDelegate.h; sourceTree = "<group>"; };
		155E03101A8299B300B5E5DE /* AppDelegate.m */ = {isa = PBXFileReference; lastKnownFileType = sourcecode.c.objc; path = AppDelegate.m; sourceTree = "<group>"; };
		155E03131A8299B400B5E5DE /* CricketXI.xcdatamodel */ = {isa = PBXFileReference; lastKnownFileType = wrapper.xcdatamodel; path = CricketXI.xcdatamodel; sourceTree = "<group>"; };
		155E03151A8299B400B5E5DE /* ViewController.h */ = {isa = PBXFileReference; lastKnownFileType = sourcecode.c.h; path = ViewController.h; sourceTree = "<group>"; };
		155E03161A8299B400B5E5DE /* ViewController.m */ = {isa = PBXFileReference; lastKnownFileType = sourcecode.c.objc; path = ViewController.m; sourceTree = "<group>"; };
		155E03191A8299B400B5E5DE /* Base */ = {isa = PBXFileReference; lastKnownFileType = file.storyboard; name = Base; path = Base.lproj/Main.storyboard; sourceTree = "<group>"; };
		155E031B1A8299B400B5E5DE /* Images.xcassets */ = {isa = PBXFileReference; lastKnownFileType = folder.assetcatalog; path = Images.xcassets; sourceTree = "<group>"; };
		155E031E1A8299B400B5E5DE /* Base */ = {isa = PBXFileReference; lastKnownFileType = file.xib; name = Base; path = Base.lproj/LaunchScreen.xib; sourceTree = "<group>"; };
		155E03241A8299B400B5E5DE /* CricketXITests.xctest */ = {isa = PBXFileReference; explicitFileType = wrapper.cfbundle; includeInIndex = 0; path = CricketXITests.xctest; sourceTree = BUILT_PRODUCTS_DIR; };
		155E03291A8299B400B5E5DE /* Info.plist */ = {isa = PBXFileReference; lastKnownFileType = text.plist.xml; path = Info.plist; sourceTree = "<group>"; };
		155E032A1A8299B400B5E5DE /* CricketXITests.m */ = {isa = PBXFileReference; lastKnownFileType = sourcecode.c.objc; path = CricketXITests.m; sourceTree = "<group>"; };
/* End PBXFileReference section */

/* Begin PBXFrameworksBuildPhase section */
		155E03051A8299B300B5E5DE /* Frameworks */ = {
			isa = PBXFrameworksBuildPhase;
			buildActionMask = 2147483647;
			files = (
			);
			runOnlyForDeploymentPostprocessing = 0;
		};
		155E03211A8299B400B5E5DE /* Frameworks */ = {
			isa = PBXFrameworksBuildPhase;
			buildActionMask = 2147483647;
			files = (
			);
			runOnlyForDeploymentPostprocessing = 0;
		};
/* End PBXFrameworksBuildPhase section */

/* Begin PBXGroup section */
		152F0FF01A8749DB003F4AA6 /* SlideMenu */ = {
			isa = PBXGroup;
			children = (
				152F0FF11A8749DB003F4AA6 /* Helper Classes */,
				152F0FFE1A8749DB003F4AA6 /* Images */,
				152F10031A8749DB003F4AA6 /* Source */,
			);
			path = SlideMenu;
			sourceTree = "<group>";
		};
		152F0FF11A8749DB003F4AA6 /* Helper Classes */ = {
			isa = PBXGroup;
			children = (
				152F0FF21A8749DB003F4AA6 /* FriendsViewController.h */,
				152F0FF31A8749DB003F4AA6 /* FriendsViewController.m */,
				152F0FF41A8749DB003F4AA6 /* HomeViewController.h */,
				152F0FF51A8749DB003F4AA6 /* HomeViewController.m */,
				152F0FF61A8749DB003F4AA6 /* LeftMenuViewController.h */,
				152F0FF71A8749DB003F4AA6 /* LeftMenuViewController.m */,
				152F0FF81A8749DB003F4AA6 /* ProfileDetailViewController.h */,
				152F0FF91A8749DB003F4AA6 /* ProfileDetailViewController.m */,
				152F0FFA1A8749DB003F4AA6 /* ProfileViewController.h */,
				152F0FFB1A8749DB003F4AA6 /* ProfileViewController.m */,
				152F0FFC1A8749DB003F4AA6 /* RightMenuViewController.h */,
				152F0FFD1A8749DB003F4AA6 /* RightMenuViewController.m */,
			);
			path = "Helper Classes";
			sourceTree = "<group>";
		};
		152F0FFE1A8749DB003F4AA6 /* Images */ = {
			isa = PBXGroup;
			children = (
				152F0FFF1A8749DB003F4AA6 /* animation.png */,
				152F10001A8749DB003F4AA6 /* gear.png */,
				152F10011A8749DB003F4AA6 /* leftMenu.jpg */,
				152F10021A8749DB003F4AA6 /* rightMenu.jpg */,
			);
			path = Images;
			sourceTree = "<group>";
		};
		152F10031A8749DB003F4AA6 /* Source */ = {
			isa = PBXGroup;
			children = (
				152F10041A8749DB003F4AA6 /* Animations */,
				152F10101A8749DB003F4AA6 /* Assets */,
				152F10131A8749DB003F4AA6 /* SlideNavigationController.h */,
				152F10141A8749DB003F4AA6 /* SlideNavigationController.m */,
			);
			path = Source;
			sourceTree = "<group>";
		};
		152F10041A8749DB003F4AA6 /* Animations */ = {
			isa = PBXGroup;
			children = (
				152F10051A8749DB003F4AA6 /* SlideNavigationContorllerAnimator.h */,
				152F10061A8749DB003F4AA6 /* SlideNavigationContorllerAnimatorFade.h */,
				152F10071A8749DB003F4AA6 /* SlideNavigationContorllerAnimatorFade.m */,
				152F10081A8749DB003F4AA6 /* SlideNavigationContorllerAnimatorScale.h */,
				152F10091A8749DB003F4AA6 /* SlideNavigationContorllerAnimatorScale.m */,
				152F100A1A8749DB003F4AA6 /* SlideNavigationContorllerAnimatorScaleAndFade.h */,
				152F100B1A8749DB003F4AA6 /* SlideNavigationContorllerAnimatorScaleAndFade.m */,
				152F100C1A8749DB003F4AA6 /* SlideNavigationContorllerAnimatorSlide.h */,
				152F100D1A8749DB003F4AA6 /* SlideNavigationContorllerAnimatorSlide.m */,
				152F100E1A8749DB003F4AA6 /* SlideNavigationContorllerAnimatorSlideAndFade.h */,
				152F100F1A8749DB003F4AA6 /* SlideNavigationContorllerAnimatorSlideAndFade.m */,
			);
			path = Animations;
			sourceTree = "<group>";
		};
		152F10101A8749DB003F4AA6 /* Assets */ = {
			isa = PBXGroup;
			children = (
				152F10111A8749DB003F4AA6 /* menu-button.png */,
				152F10121A8749DB003F4AA6 /* menu-button@2x.png */,
			);
			path = Assets;
			sourceTree = "<group>";
		};
		155E02FF1A8299B300B5E5DE = {
			isa = PBXGroup;
			children = (
				155E030A1A8299B300B5E5DE /* CricketXI */,
				155E03271A8299B400B5E5DE /* CricketXITests */,
				155E03091A8299B300B5E5DE /* Products */,
			);
			sourceTree = "<group>";
		};
		155E03091A8299B300B5E5DE /* Products */ = {
			isa = PBXGroup;
			children = (
				155E03081A8299B300B5E5DE /* CricketXI.app */,
				155E03241A8299B400B5E5DE /* CricketXITests.xctest */,
			);
			name = Products;
			sourceTree = "<group>";
		};
		155E030A1A8299B300B5E5DE /* CricketXI */ = {
			isa = PBXGroup;
			children = (
				152F0FF01A8749DB003F4AA6 /* SlideMenu */,
				155E030F1A8299B300B5E5DE /* AppDelegate.h */,
				155E03101A8299B300B5E5DE /* AppDelegate.m */,
				155E03151A8299B400B5E5DE /* ViewController.h */,
				155E03161A8299B400B5E5DE /* ViewController.m */,
				155E03181A8299B400B5E5DE /* Main.storyboard */,
				155E031B1A8299B400B5E5DE /* Images.xcassets */,
				155E031D1A8299B400B5E5DE /* LaunchScreen.xib */,
				155E03121A8299B400B5E5DE /* CricketXI.xcdatamodeld */,
				155E030B1A8299B300B5E5DE /* Supporting Files */,
			);
			path = CricketXI;
			sourceTree = "<group>";
		};
		155E030B1A8299B300B5E5DE /* Supporting Files */ = {
			isa = PBXGroup;
			children = (
				155E030C1A8299B300B5E5DE /* Info.plist */,
				155E030D1A8299B300B5E5DE /* main.m */,
			);
			name = "Supporting Files";
			sourceTree = "<group>";
		};
		155E03271A8299B400B5E5DE /* CricketXITests */ = {
			isa = PBXGroup;
			children = (
				155E032A1A8299B400B5E5DE /* CricketXITests.m */,
				155E03281A8299B400B5E5DE /* Supporting Files */,
			);
			path = CricketXITests;
			sourceTree = "<group>";
		};
		155E03281A8299B400B5E5DE /* Supporting Files */ = {
			isa = PBXGroup;
			children = (
				155E03291A8299B400B5E5DE /* Info.plist */,
			);
			name = "Supporting Files";
			sourceTree = "<group>";
		};
/* End PBXGroup section */

/* Begin PBXNativeTarget section */
		155E03071A8299B300B5E5DE /* CricketXI */ = {
			isa = PBXNativeTarget;
			buildConfigurationList = 155E032E1A8299B400B5E5DE /* Build configuration list for PBXNativeTarget "CricketXI" */;
			buildPhases = (
				155E03041A8299B300B5E5DE /* Sources */,
				155E03051A8299B300B5E5DE /* Frameworks */,
				155E03061A8299B300B5E5DE /* Resources */,
			);
			buildRules = (
			);
			dependencies = (
			);
			name = CricketXI;
			productName = CricketXI;
			productReference = 155E03081A8299B300B5E5DE /* CricketXI.app */;
			productType = "com.apple.product-type.application";
		};
		155E03231A8299B400B5E5DE /* CricketXITests */ = {
			isa = PBXNativeTarget;
			buildConfigurationList = 155E03311A8299B400B5E5DE /* Build configuration list for PBXNativeTarget "CricketXITests" */;
			buildPhases = (
				155E03201A8299B400B5E5DE /* Sources */,
				155E03211A8299B400B5E5DE /* Frameworks */,
				155E03221A8299B400B5E5DE /* Resources */,
			);
			buildRules = (
			);
			dependencies = (
				155E03261A8299B400B5E5DE /* PBXTargetDependency */,
			);
			name = CricketXITests;
			productName = CricketXITests;
			productReference = 155E03241A8299B400B5E5DE /* CricketXITests.xctest */;
			productType = "com.apple.product-type.bundle.unit-test";
		};
/* End PBXNativeTarget section */

/* Begin PBXProject section */
		155E03001A8299B300B5E5DE /* Project object */ = {
			isa = PBXProject;
			attributes = {
				LastUpgradeCheck = 0610;
				ORGANIZATIONNAME = RAGA;
				TargetAttributes = {
					155E03071A8299B300B5E5DE = {
						CreatedOnToolsVersion = 6.1.1;
					};
					155E03231A8299B400B5E5DE = {
						CreatedOnToolsVersion = 6.1.1;
						TestTargetID = 155E03071A8299B300B5E5DE;
					};
				};
			};
			buildConfigurationList = 155E03031A8299B300B5E5DE /* Build configuration list for PBXProject "CricketXI" */;
			compatibilityVersion = "Xcode 3.2";
			developmentRegion = English;
			hasScannedForEncodings = 0;
			knownRegions = (
				en,
				Base,
			);
			mainGroup = 155E02FF1A8299B300B5E5DE;
			productRefGroup = 155E03091A8299B300B5E5DE /* Products */;
			projectDirPath = "";
			projectRoot = "";
			targets = (
				155E03071A8299B300B5E5DE /* CricketXI */,
				155E03231A8299B400B5E5DE /* CricketXITests */,
			);
		};
/* End PBXProject section */

/* Begin PBXResourcesBuildPhase section */
		155E03061A8299B300B5E5DE /* Resources */ = {
			isa = PBXResourcesBuildPhase;
			buildActionMask = 2147483647;
			files = (
				152F10241A8749DB003F4AA6 /* menu-button.png in Resources */,
				152F101B1A8749DB003F4AA6 /* animation.png in Resources */,
				152F101C1A8749DB003F4AA6 /* gear.png in Resources */,
				155E031A1A8299B400B5E5DE /* Main.storyboard in Resources */,
				152F101E1A8749DB003F4AA6 /* rightMenu.jpg in Resources */,
				152F101D1A8749DB003F4AA6 /* leftMenu.jpg in Resources */,
				155E031F1A8299B400B5E5DE /* LaunchScreen.xib in Resources */,
				155E031C1A8299B400B5E5DE /* Images.xcassets in Resources */,
				152F10251A8749DB003F4AA6 /* menu-button@2x.png in Resources */,
			);
			runOnlyForDeploymentPostprocessing = 0;
		};
		155E03221A8299B400B5E5DE /* Resources */ = {
			isa = PBXResourcesBuildPhase;
			buildActionMask = 2147483647;
			files = (
			);
			runOnlyForDeploymentPostprocessing = 0;
		};
/* End PBXResourcesBuildPhase section */

/* Begin PBXSourcesBuildPhase section */
		155E03041A8299B300B5E5DE /* Sources */ = {
			isa = PBXSourcesBuildPhase;
			buildActionMask = 2147483647;
			files = (
				152F101F1A8749DB003F4AA6 /* SlideNavigationContorllerAnimatorFade.m in Sources */,
				152F10151A8749DB003F4AA6 /* FriendsViewController.m in Sources */,
				152F10191A8749DB003F4AA6 /* ProfileViewController.m in Sources */,
				155E03141A8299B400B5E5DE /* CricketXI.xcdatamodeld in Sources */,
				155E03111A8299B300B5E5DE /* AppDelegate.m in Sources */,
				152F101A1A8749DB003F4AA6 /* RightMenuViewController.m in Sources */,
				152F10221A8749DB003F4AA6 /* SlideNavigationContorllerAnimatorSlide.m in Sources */,
				152F10181A8749DB003F4AA6 /* ProfileDetailViewController.m in Sources */,
				152F10231A8749DB003F4AA6 /* SlideNavigationContorllerAnimatorSlideAndFade.m in Sources */,
				152F10201A8749DB003F4AA6 /* SlideNavigationContorllerAnimatorScale.m in Sources */,
				155E03171A8299B400B5E5DE /* ViewController.m in Sources */,
				152F10261A8749DB003F4AA6 /* SlideNavigationController.m in Sources */,
				152F10171A8749DB003F4AA6 /* LeftMenuViewController.m in Sources */,
				152F10211A8749DB003F4AA6 /* SlideNavigationContorllerAnimatorScaleAndFade.m in Sources */,
				155E030E1A8299B300B5E5DE /* main.m in Sources */,
				152F10161A8749DB003F4AA6 /* HomeViewController.m in Sources */,
			);
			runOnlyForDeploymentPostprocessing = 0;
		};
		155E03201A8299B400B5E5DE /* Sources */ = {
			isa = PBXSourcesBuildPhase;
			buildActionMask = 2147483647;
			files = (
				155E032B1A8299B400B5E5DE /* CricketXITests.m in Sources */,
			);
			runOnlyForDeploymentPostprocessing = 0;
		};
/* End PBXSourcesBuildPhase section */

/* Begin PBXTargetDependency section */
		155E03261A8299B400B5E5DE /* PBXTargetDependency */ = {
			isa = PBXTargetDependency;
			target = 155E03071A8299B300B5E5DE /* CricketXI */;
			targetProxy = 155E03251A8299B400B5E5DE /* PBXContainerItemProxy */;
		};
/* End PBXTargetDependency section */

/* Begin PBXVariantGroup section */
		155E03181A8299B400B5E5DE /* Main.storyboard */ = {
			isa = PBXVariantGroup;
			children = (
				155E03191A8299B400B5E5DE /* Base */,
			);
			name = Main.storyboard;
			sourceTree = "<group>";
		};
		155E031D1A8299B400B5E5DE /* LaunchScreen.xib */ = {
			isa = PBXVariantGroup;
			children = (
				155E031E1A8299B400B5E5DE /* Base */,
			);
			name = LaunchScreen.xib;
			sourceTree = "<group>";
		};
/* End PBXVariantGroup section */

/* Begin XCBuildConfiguration section */
		155E032C1A8299B400B5E5DE /* Debug */ = {
			isa = XCBuildConfiguration;
			buildSettings = {
				ALWAYS_SEARCH_USER_PATHS = NO;
				CLANG_CXX_LANGUAGE_STANDARD = "gnu++0x";
				CLANG_CXX_LIBRARY = "libc++";
				CLANG_ENABLE_MODULES = YES;
				CLANG_ENABLE_OBJC_ARC = YES;
				CLANG_WARN_BOOL_CONVERSION = YES;
				CLANG_WARN_CONSTANT_CONVERSION = YES;
				CLANG_WARN_DIRECT_OBJC_ISA_USAGE = YES_ERROR;
				CLANG_WARN_EMPTY_BODY = YES;
				CLANG_WARN_ENUM_CONVERSION = YES;
				CLANG_WARN_INT_CONVERSION = YES;
				CLANG_WARN_OBJC_ROOT_CLASS = YES_ERROR;
				CLANG_WARN_UNREACHABLE_CODE = YES;
				CLANG_WARN__DUPLICATE_METHOD_MATCH = YES;
				"CODE_SIGN_IDENTITY[sdk=iphoneos*]" = "iPhone Developer";
				COPY_PHASE_STRIP = NO;
				ENABLE_STRICT_OBJC_MSGSEND = YES;
				GCC_C_LANGUAGE_STANDARD = gnu99;
				GCC_DYNAMIC_NO_PIC = NO;
				GCC_OPTIMIZATION_LEVEL = 0;
				GCC_PREPROCESSOR_DEFINITIONS = (
					"DEBUG=1",
					"$(inherited)",
				);
				GCC_SYMBOLS_PRIVATE_EXTERN = NO;
				GCC_WARN_64_TO_32_BIT_CONVERSION = YES;
				GCC_WARN_ABOUT_RETURN_TYPE = YES_ERROR;
				GCC_WARN_UNDECLARED_SELECTOR = YES;
				GCC_WARN_UNINITIALIZED_AUTOS = YES_AGGRESSIVE;
				GCC_WARN_UNUSED_FUNCTION = YES;
				GCC_WARN_UNUSED_VARIABLE = YES;
				IPHONEOS_DEPLOYMENT_TARGET = 8.1;
				MTL_ENABLE_DEBUG_INFO = YES;
				ONLY_ACTIVE_ARCH = YES;
				SDKROOT = iphoneos;
			};
			name = Debug;
		};
		155E032D1A8299B400B5E5DE /* Release */ = {
			isa = XCBuildConfiguration;
			buildSettings = {
				ALWAYS_SEARCH_USER_PATHS = NO;
				CLANG_CXX_LANGUAGE_STANDARD = "gnu++0x";
				CLANG_CXX_LIBRARY = "libc++";
				CLANG_ENABLE_MODULES = YES;
				CLANG_ENABLE_OBJC_ARC = YES;
				CLANG_WARN_BOOL_CONVERSION = YES;
				CLANG_WARN_CONSTANT_CONVERSION = YES;
				CLANG_WARN_DIRECT_OBJC_ISA_USAGE = YES_ERROR;
				CLANG_WARN_EMPTY_BODY = YES;
				CLANG_WARN_ENUM_CONVERSION = YES;
				CLANG_WARN_INT_CONVERSION = YES;
				CLANG_WARN_OBJC_ROOT_CLASS = YES_ERROR;
				CLANG_WARN_UNREACHABLE_CODE = YES;
				CLANG_WARN__DUPLICATE_METHOD_MATCH = YES;
				"CODE_SIGN_IDENTITY[sdk=iphoneos*]" = "iPhone Developer";
				COPY_PHASE_STRIP = YES;
				ENABLE_NS_ASSERTIONS = NO;
				ENABLE_STRICT_OBJC_MSGSEND = YES;
				GCC_C_LANGUAGE_STANDARD = gnu99;
				GCC_WARN_64_TO_32_BIT_CONVERSION = YES;
				GCC_WARN_ABOUT_RETURN_TYPE = YES_ERROR;
				GCC_WARN_UNDECLARED_SELECTOR = YES;
				GCC_WARN_UNINITIALIZED_AUTOS = YES_AGGRESSIVE;
				GCC_WARN_UNUSED_FUNCTION = YES;
				GCC_WARN_UNUSED_VARIABLE = YES;
				IPHONEOS_DEPLOYMENT_TARGET = 8.1;
				MTL_ENABLE_DEBUG_INFO = NO;
				SDKROOT = iphoneos;
				VALIDATE_PRODUCT = YES;
			};
			name = Release;
		};
		155E032F1A8299B400B5E5DE /* Debug */ = {
			isa = XCBuildConfiguration;
			buildSettings = {
				ASSETCATALOG_COMPILER_APPICON_NAME = AppIcon;
				INFOPLIST_FILE = CricketXI/Info.plist;
				LD_RUNPATH_SEARCH_PATHS = "$(inherited) @executable_path/Frameworks";
				PRODUCT_NAME = "$(TARGET_NAME)";
			};
			name = Debug;
		};
		155E03301A8299B400B5E5DE /* Release */ = {
			isa = XCBuildConfiguration;
			buildSettings = {
				ASSETCATALOG_COMPILER_APPICON_NAME = AppIcon;
				INFOPLIST_FILE = CricketXI/Info.plist;
				LD_RUNPATH_SEARCH_PATHS = "$(inherited) @executable_path/Frameworks";
				PRODUCT_NAME = "$(TARGET_NAME)";
			};
			name = Release;
		};
		155E03321A8299B400B5E5DE /* Debug */ = {
			isa = XCBuildConfiguration;
			buildSettings = {
				BUNDLE_LOADER = "$(TEST_HOST)";
				FRAMEWORK_SEARCH_PATHS = (
					"$(SDKROOT)/Developer/Library/Frameworks",
					"$(inherited)",
				);
				GCC_PREPROCESSOR_DEFINITIONS = (
					"DEBUG=1",
					"$(inherited)",
				);
				INFOPLIST_FILE = CricketXITests/Info.plist;
				LD_RUNPATH_SEARCH_PATHS = "$(inherited) @executable_path/Frameworks @loader_path/Frameworks";
				PRODUCT_NAME = "$(TARGET_NAME)";
				TEST_HOST = "$(BUILT_PRODUCTS_DIR)/CricketXI.app/CricketXI";
			};
			name = Debug;
		};
		155E03331A8299B400B5E5DE /* Release */ = {
			isa = XCBuildConfiguration;
			buildSettings = {
				BUNDLE_LOADER = "$(TEST_HOST)";
				FRAMEWORK_SEARCH_PATHS = (
					"$(SDKROOT)/Developer/Library/Frameworks",
					"$(inherited)",
				);
				INFOPLIST_FILE = CricketXITests/Info.plist;
				LD_RUNPATH_SEARCH_PATHS = "$(inherited) @executable_path/Frameworks @loader_path/Frameworks";
				PRODUCT_NAME = "$(TARGET_NAME)";
				TEST_HOST = "$(BUILT_PRODUCTS_DIR)/CricketXI.app/CricketXI";
			};
			name = Release;
		};
/* End XCBuildConfiguration section */

/* Begin XCConfigurationList section */
		155E03031A8299B300B5E5DE /* Build configuration list for PBXProject "CricketXI" */ = {
			isa = XCConfigurationList;
			buildConfigurations = (
				155E032C1A8299B400B5E5DE /* Debug */,
				155E032D1A8299B400B5E5DE /* Release */,
			);
			defaultConfigurationIsVisible = 0;
			defaultConfigurationName = Release;
		};
		155E032E1A8299B400B5E5DE /* Build configuration list for PBXNativeTarget "CricketXI" */ = {
			isa = XCConfigurationList;
			buildConfigurations = (
				155E032F1A8299B400B5E5DE /* Debug */,
				155E03301A8299B400B5E5DE /* Release */,
			);
			defaultConfigurationIsVisible = 0;
			defaultConfigurationName = Release;
		};
		155E03311A8299B400B5E5DE /* Build configuration list for PBXNativeTarget "CricketXITests" */ = {
			isa = XCConfigurationList;
			buildConfigurations = (
				155E03321A8299B400B5E5DE /* Debug */,
				155E03331A8299B400B5E5DE /* Release */,
			);
			defaultConfigurationIsVisible = 0;
			defaultConfigurationName = Release;
		};
/* End XCConfigurationList section */

/* Begin XCVersionGroup section */
		155E03121A8299B400B5E5DE /* CricketXI.xcdatamodeld */ = {
			isa = XCVersionGroup;
			children = (
				155E03131A8299B400B5E5DE /* CricketXI.xcdatamodel */,
			);
			currentVersion = 155E03131A8299B400B5E5DE /* CricketXI.xcdatamodel */;
			path = CricketXI.xcdatamodeld;
			sourceTree = "<group>";
			versionGroupType = wrapper.xcdatamodel;
		};
/* End XCVersionGroup section */
	};
	rootObject = 155E03001A8299B300B5E5DE /* Project object */;
}
